
Microsoft Visual Studio Solution File, Format Version 12.00
# Visual Studio Version 17
VisualStudioVersion = 17.9.34728.123
MinimumVisualStudioVersion = 10.0.40219.1
Project("{9A19103F-16F7-4668-BE54-9A1E7A4F7556}") = "CurrencyExchangeAPI", "CurrencyExchangeAPI\CurrencyExchangeAPI.csproj", "{7BA327EC-E901-430E-8069-D35D4CFB5A25}"
EndProject
Global
	GlobalSection(SolutionConfigurationPlatforms) = preSolution
		Debug|Any CPU = Debug|Any CPU
		Release|Any CPU = Release|Any CPU
	EndGlobalSection
	GlobalSection(ProjectConfigurationPlatforms) = postSolution
		{7BA327EC-E901-430E-8069-D35D4CFB5A25}.Debug|Any CPU.ActiveCfg = Debug|Any CPU
		{7BA327EC-E901-430E-8069-D35D4CFB5A25}.Debug|Any CPU.Build.0 = Debug|Any CPU
		{7BA327EC-E901-430E-8069-D35D4CFB5A25}.Release|Any CPU.ActiveCfg = Release|Any CPU
		{7BA327EC-E901-430E-8069-D35D4CFB5A25}.Release|Any CPU.Build.0 = Release|Any CPU
	EndGlobalSection
	GlobalSection(SolutionProperties) = preSolution
		HideSolutionNode = FALSE
	EndGlobalSection
	GlobalSection(ExtensibilityGlobals) = postSolution
		SolutionGuid = {E9A6D569-A348-44A8-9BF3-07EDA98F0D80}
	EndGlobalSection
EndGlobal
